
Microsoft Visual Studio Solution File, Format Version 12.00
# Visual Studio Version 16
VisualStudioVersion = 16.0.32407.337
MinimumVisualStudioVersion = 10.0.40219.1
Project("{FAE04EC0-301F-11D3-BF4B-00C04F79EFBC}") = "AirSur.AccesoADatos", "..\AirSur.AccesoADatos\AirSur.AccesoADatos.csproj", "{9716D6A3-AD82-4287-B487-03C50E97167D}"
EndProject
Project("{FAE04EC0-301F-11D3-BF4B-00C04F79EFBC}") = "AirSur.EntidadesDeNegocio", "..\AirSur.EntidadesDeNegocio\AirSur.EntidadesDeNegocio.csproj", "{10533FC7-3CA1-451E-AF9E-85514EB53291}"
EndProject
Project("{FAE04EC0-301F-11D3-BF4B-00C04F79EFBC}") = "Airsur.LogicaDeNegocio", "..\Airsur.LogicaDeNegocio\Airsur.LogicaDeNegocio.csproj", "{AAB7D8A0-3B87-4276-8DAB-1A1C3BB498B8}"
EndProject
Project("{FAE04EC0-301F-11D3-BF4B-00C04F79EFBC}") = "AirSur_Web", "..\AirSur_Web\AirSur_Web.csproj", "{7F776DBD-5710-4E5C-8B27-B489148902DD}"
EndProject
Global
	GlobalSection(SolutionConfigurationPlatforms) = preSolution
		Debug|Any CPU = Debug|Any CPU
		Release|Any CPU = Release|Any CPU
	EndGlobalSection
	GlobalSection(ProjectConfigurationPlatforms) = postSolution
		{9716D6A3-AD82-4287-B487-03C50E97167D}.Debug|Any CPU.ActiveCfg = Debug|Any CPU
		{9716D6A3-AD82-4287-B487-03C50E97167D}.Debug|Any CPU.Build.0 = Debug|Any CPU
		{9716D6A3-AD82-4287-B487-03C50E97167D}.Release|Any CPU.ActiveCfg = Release|Any CPU
		{9716D6A3-AD82-4287-B487-03C50E97167D}.Release|Any CPU.Build.0 = Release|Any CPU
		{10533FC7-3CA1-451E-AF9E-85514EB53291}.Debug|Any CPU.ActiveCfg = Debug|Any CPU
		{10533FC7-3CA1-451E-AF9E-85514EB53291}.Debug|Any CPU.Build.0 = Debug|Any CPU
		{10533FC7-3CA1-451E-AF9E-85514EB53291}.Release|Any CPU.ActiveCfg = Release|Any CPU
		{10533FC7-3CA1-451E-AF9E-85514EB53291}.Release|Any CPU.Build.0 = Release|Any CPU
		{AAB7D8A0-3B87-4276-8DAB-1A1C3BB498B8}.Debug|Any CPU.ActiveCfg = Debug|Any CPU
		{AAB7D8A0-3B87-4276-8DAB-1A1C3BB498B8}.Debug|Any CPU.Build.0 = Debug|Any CPU
		{AAB7D8A0-3B87-4276-8DAB-1A1C3BB498B8}.Release|Any CPU.ActiveCfg = Release|Any CPU
		{AAB7D8A0-3B87-4276-8DAB-1A1C3BB498B8}.Release|Any CPU.Build.0 = Release|Any CPU
		{7F776DBD-5710-4E5C-8B27-B489148902DD}.Debug|Any CPU.ActiveCfg = Debug|Any CPU
		{7F776DBD-5710-4E5C-8B27-B489148902DD}.Debug|Any CPU.Build.0 = Debug|Any CPU
		{7F776DBD-5710-4E5C-8B27-B489148902DD}.Release|Any CPU.ActiveCfg = Release|Any CPU
		{7F776DBD-5710-4E5C-8B27-B489148902DD}.Release|Any CPU.Build.0 = Release|Any CPU
	EndGlobalSection
	GlobalSection(SolutionProperties) = preSolution
		HideSolutionNode = FALSE
	EndGlobalSection
	GlobalSection(ExtensibilityGlobals) = postSolution
		SolutionGuid = {941603AF-0D0A-4FD0-9CA9-901CE8B5D43C}
	EndGlobalSection
EndGlobal
